{
  "name": "tamkobi-jsencrypt-bridge",
  "lockfileVersion": 3,
  "requires": true,
  "packages": {
    "": {
      "name": "tamkobi-jsencrypt-bridge",
      "license": "MIT",
      "dependencies": {
        "jsencrypt": "github:travist/jsencrypt"
      }
    },
    "node_modules/jsencrypt": {
      "version": "3.5.4",
      "resolved": "git+ssh://git@github.com/travist/jsencrypt.git#a0ae319f4011d90ec7dc15192c0f7be1f3946ee0",
      "license": "MIT"
    }
  }
}
